// !$*UTF8*$!
{
	archiveVersion = 1;
	classes = {
	};
	objectVersion = 46;
	objects = {

/* Begin PBXBuildFile section */
		BF9750E71D21E2F400D3D16C /* Localizable.strings in Resources */ = {isa = PBXBuildFile; fileRef = BF9750E51D21E2EF00D3D16C /* Localizable.strings */; };
		BFB6A50E1D20527200396AE9 /* MapKit.framework in Frameworks */ = {isa = PBXBuildFile; fileRef = BFB6A50D1D20527200396AE9 /* MapKit.framework */; };
		BFB6A5101D20541400396AE9 /* MapViewController.swift in Sources */ = {isa = PBXBuildFile; fileRef = BFB6A50F1D20541400396AE9 /* MapViewController.swift */; };
		BFB6A5121D20702C00396AE9 /* WebViewController.swift in Sources */ = {isa = PBXBuildFile; fileRef = BFB6A5111D20702C00396AE9 /* WebViewController.swift */; };
		BFE7FAAB1D1F77DE008257D9 /* AppDelegate.swift in Sources */ = {isa = PBXBuildFile; fileRef = BFE7FAAA1D1F77DE008257D9 /* AppDelegate.swift */; };
		BFE7FAB01D1F77DE008257D9 /* Main.storyboard in Resources */ = {isa = PBXBuildFile; fileRef = BFE7FAAE1D1F77DE008257D9 /* Main.storyboard */; };
		BFE7FAB21D1F77DE008257D9 /* Assets.xcassets in Resources */ = {isa = PBXBuildFile; fileRef = BFE7FAB11D1F77DE008257D9 /* Assets.xcassets */; };
		BFE7FAB51D1F77DE008257D9 /* LaunchScreen.storyboard in Resources */ = {isa = PBXBuildFile; fileRef = BFE7FAB31D1F77DE008257D9 /* LaunchScreen.storyboard */; };
		BFE7FABF1D1F81FB008257D9 /* ConversionViewController.swift in Sources */ = {isa = PBXBuildFile; fileRef = BFE7FABE1D1F81FB008257D9 /* ConversionViewController.swift */; };
/* End PBXBuildFile section */

/* Begin PBXFileReference section */
		BF9750DF1D21DEB700D3D16C /* en */ = {isa = PBXFileReference; lastKnownFileType = text.plist.strings; name = en; path = en.lproj/Main.strings; sourceTree = "<group>"; };
		BF9750E01D21DEFE00D3D16C /* es */ = {isa = PBXFileReference; lastKnownFileType = text.plist.strings; name = es; path = es.lproj/Main.strings; sourceTree = "<group>"; };
		BF9750E41D21E2EF00D3D16C /* Base */ = {isa = PBXFileReference; lastKnownFileType = text.plist.strings; name = Base; path = Base.lproj/Localizable.strings; sourceTree = "<group>"; };
		BF9750E61D21E2F200D3D16C /* en */ = {isa = PBXFileReference; lastKnownFileType = text.plist.strings; name = en; path = en.lproj/Localizable.strings; sourceTree = "<group>"; };
		BF9750E81D21E2F400D3D16C /* es */ = {isa = PBXFileReference; lastKnownFileType = text.plist.strings; name = es; path = es.lproj/Localizable.strings; sourceTree = "<group>"; };
		BFB6A50D1D20527200396AE9 /* MapKit.framework */ = {isa = PBXFileReference; lastKnownFileType = wrapper.framework; name = MapKit.framework; path = System/Library/Frameworks/MapKit.framework; sourceTree = SDKROOT; };
		BFB6A50F1D20541400396AE9 /* MapViewController.swift */ = {isa = PBXFileReference; fileEncoding = 4; lastKnownFileType = sourcecode.swift; path = MapViewController.swift; sourceTree = "<group>"; };
		BFB6A5111D20702C00396AE9 /* WebViewController.swift */ = {isa = PBXFileReference; fileEncoding = 4; lastKnownFileType = sourcecode.swift; path = WebViewController.swift; sourceTree = "<group>"; };
		BFE7FAA71D1F77DE008257D9 /* WorldTrotter.app */ = {isa = PBXFileReference; explicitFileType = wrapper.application; includeInIndex = 0; path = WorldTrotter.app; sourceTree = BUILT_PRODUCTS_DIR; };
		BFE7FAAA1D1F77DE008257D9 /* AppDelegate.swift */ = {isa = PBXFileReference; lastKnownFileType = sourcecode.swift; path = AppDelegate.swift; sourceTree = "<group>"; };
		BFE7FAAF1D1F77DE008257D9 /* Base */ = {isa = PBXFileReference; lastKnownFileType = file.storyboard; name = Base; path = Base.lproj/Main.storyboard; sourceTree = "<group>"; };
		BFE7FAB11D1F77DE008257D9 /* Assets.xcassets */ = {isa = PBXFileReference; lastKnownFileType = folder.assetcatalog; path = Assets.xcassets; sourceTree = "<group>"; };
		BFE7FAB41D1F77DE008257D9 /* Base */ = {isa = PBXFileReference; lastKnownFileType = file.storyboard; name = Base; path = Base.lproj/LaunchScreen.storyboard; sourceTree = "<group>"; };
		BFE7FAB61D1F77DE008257D9 /* Info.plist */ = {isa = PBXFileReference; lastKnownFileType = text.plist.xml; path = Info.plist; sourceTree = "<group>"; };
		BFE7FABE1D1F81FB008257D9 /* ConversionViewController.swift */ = {isa = PBXFileReference; fileEncoding = 4; lastKnownFileType = sourcecode.swift; name = ConversionViewController.swift; path = ../ConversionViewController.swift; sourceTree = "<group>"; };
/* End PBXFileReference section */

/* Begin PBXFrameworksBuildPhase section */
		BFE7FAA41D1F77DE008257D9 /* Frameworks */ = {
			isa = PBXFrameworksBuildPhase;
			buildActionMask = 2147483647;
			files = (
				BFB6A50E1D20527200396AE9 /* MapKit.framework in Frameworks */,
			);
			runOnlyForDeploymentPostprocessing = 0;
		};
/* End PBXFrameworksBuildPhase section */

/* Begin PBXGroup section */
		BFE7FA9E1D1F77DE008257D9 = {
			isa = PBXGroup;
			children = (
				BFB6A50D1D20527200396AE9 /* MapKit.framework */,
				BFE7FAA91D1F77DE008257D9 /* WorldTrotter */,
				BFE7FAA81D1F77DE008257D9 /* Products */,
			);
			sourceTree = "<group>";
		};
		BFE7FAA81D1F77DE008257D9 /* Products */ = {
			isa = PBXGroup;
			children = (
				BFE7FAA71D1F77DE008257D9 /* WorldTrotter.app */,
			);
			name = Products;
			sourceTree = "<group>";
		};
		BFE7FAA91D1F77DE008257D9 /* WorldTrotter */ = {
			isa = PBXGroup;
			children = (
				BF9750E51D21E2EF00D3D16C /* Localizable.strings */,
				BFE7FABE1D1F81FB008257D9 /* ConversionViewController.swift */,
				BFB6A50F1D20541400396AE9 /* MapViewController.swift */,
				BFB6A5111D20702C00396AE9 /* WebViewController.swift */,
				BFE7FAAA1D1F77DE008257D9 /* AppDelegate.swift */,
				BFE7FAAE1D1F77DE008257D9 /* Main.storyboard */,
				BFE7FAB11D1F77DE008257D9 /* Assets.xcassets */,
				BFE7FAB31D1F77DE008257D9 /* LaunchScreen.storyboard */,
				BFE7FAB61D1F77DE008257D9 /* Info.plist */,
			);
			path = WorldTrotter;
			sourceTree = "<group>";
		};
/* End PBXGroup section */

/* Begin PBXNativeTarget section */
		BFE7FAA61D1F77DE008257D9 /* WorldTrotter */ = {
			isa = PBXNativeTarget;
			buildConfigurationList = BFE7FAB91D1F77DE008257D9 /* Build configuration list for PBXNativeTarget "WorldTrotter" */;
			buildPhases = (
				BFE7FAA31D1F77DE008257D9 /* Sources */,
				BFE7FAA41D1F77DE008257D9 /* Frameworks */,
				BFE7FAA51D1F77DE008257D9 /* Resources */,
			);
			buildRules = (
			);
			dependencies = (
			);
			name = WorldTrotter;
			productName = WorldTrotter;
			productReference = BFE7FAA71D1F77DE008257D9 /* WorldTrotter.app */;
			productType = "com.apple.product-type.application";
		};
/* End PBXNativeTarget section */

/* Begin PBXProject section */
		BFE7FA9F1D1F77DE008257D9 /* Project object */ = {
			isa = PBXProject;
			attributes = {
				LastSwiftUpdateCheck = 0730;
				LastUpgradeCheck = 0730;
				ORGANIZATIONNAME = "Charles Kang";
				TargetAttributes = {
					BFE7FAA61D1F77DE008257D9 = {
						CreatedOnToolsVersion = 7.3.1;
					};
				};
			};
			buildConfigurationList = BFE7FAA21D1F77DE008257D9 /* Build configuration list for PBXProject "WorldTrotter" */;
			compatibilityVersion = "Xcode 3.2";
			developmentRegion = English;
			hasScannedForEncodings = 0;
			knownRegions = (
				en,
				Base,
				es,
			);
			mainGroup = BFE7FA9E1D1F77DE008257D9;
			productRefGroup = BFE7FAA81D1F77DE008257D9 /* Products */;
			projectDirPath = "";
			projectRoot = "";
			targets = (
				BFE7FAA61D1F77DE008257D9 /* WorldTrotter */,
			);
		};
/* End PBXProject section */

/* Begin PBXResourcesBuildPhase section */
		BFE7FAA51D1F77DE008257D9 /* Resources */ = {
			isa = PBXResourcesBuildPhase;
			buildActionMask = 2147483647;
			files = (
				BFE7FAB51D1F77DE008257D9 /* LaunchScreen.storyboard in Resources */,
				BF9750E71D21E2F400D3D16C /* Localizable.strings in Resources */,
				BFE7FAB21D1F77DE008257D9 /* Assets.xcassets in Resources */,
				BFE7FAB01D1F77DE008257D9 /* Main.storyboard in Resources */,
			);
			runOnlyForDeploymentPostprocessing = 0;
		};
/* End PBXResourcesBuildPhase section */

/* Begin PBXSourcesBuildPhase section */
		BFE7FAA31D1F77DE008257D9 /* Sources */ = {
			isa = PBXSourcesBuildPhase;
			buildActionMask = 2147483647;
			files = (
				BFE7FABF1D1F81FB008257D9 /* ConversionViewController.swift in Sources */,
				BFB6A5101D20541400396AE9 /* MapViewController.swift in Sources */,
				BFE7FAAB1D1F77DE008257D9 /* AppDelegate.swift in Sources */,
				BFB6A5121D20702C00396AE9 /* WebViewController.swift in Sources */,
			);
			runOnlyForDeploymentPostprocessing = 0;
		};
/* End PBXSourcesBuildPhase section */

/* Begin PBXVariantGroup section */
		BF9750E51D21E2EF00D3D16C /* Localizable.strings */ = {
			isa = PBXVariantGroup;
			children = (
				BF9750E41D21E2EF00D3D16C /* Base */,
				BF9750E61D21E2F200D3D16C /* en */,
				BF9750E81D21E2F400D3D16C /* es */,
			);
			name = Localizable.strings;
			sourceTree = "<group>";
		};
		BFE7FAAE1D1F77DE008257D9 /* Main.storyboard */ = {
			isa = PBXVariantGroup;
			children = (
				BFE7FAAF1D1F77DE008257D9 /* Base */,
				BF9750DF1D21DEB700D3D16C /* en */,
				BF9750E01D21DEFE00D3D16C /* es */,
			);
			name = Main.storyboard;
			sourceTree = "<group>";
		};
		BFE7FAB31D1F77DE008257D9 /* LaunchScreen.storyboard */ = {
			isa = PBXVariantGroup;
			children = (
				BFE7FAB41D1F77DE008257D9 /* Base */,
			);
			name = LaunchScreen.storyboard;
			sourceTree = "<group>";
		};
/* End PBXVariantGroup section */

/* Begin XCBuildConfiguration section */
		BFE7FAB71D1F77DE008257D9 /* Debug */ = {
			isa = XCBuildConfiguration;
			buildSettings = {
				ALWAYS_SEARCH_USER_PATHS = NO;
				CLANG_ANALYZER_NONNULL = YES;
				CLANG_CXX_LANGUAGE_STANDARD = "gnu++0x";
				CLANG_CXX_LIBRARY = "libc++";
				CLANG_ENABLE_MODULES = YES;
				CLANG_ENABLE_OBJC_ARC = YES;
				CLANG_WARN_BOOL_CONVERSION = YES;
				CLANG_WARN_CONSTANT_CONVERSION = YES;
				CLANG_WARN_DIRECT_OBJC_ISA_USAGE = YES_ERROR;
				CLANG_WARN_EMPTY_BODY = YES;
				CLANG_WARN_ENUM_CONVERSION = YES;
				CLANG_WARN_INT_CONVERSION = YES;
				CLANG_WARN_OBJC_ROOT_CLASS = YES_ERROR;
				CLANG_WARN_UNREACHABLE_CODE = YES;
				CLANG_WARN__DUPLICATE_METHOD_MATCH = YES;
				"CODE_SIGN_IDENTITY[sdk=iphoneos*]" = "iPhone Developer";
				COPY_PHASE_STRIP = NO;
				DEBUG_INFORMATION_FORMAT = dwarf;
				ENABLE_STRICT_OBJC_MSGSEND = YES;
				ENABLE_TESTABILITY = YES;
				GCC_C_LANGUAGE_STANDARD = gnu99;
				GCC_DYNAMIC_NO_PIC = NO;
				GCC_NO_COMMON_BLOCKS = YES;
				GCC_OPTIMIZATION_LEVEL = 0;
				GCC_PREPROCESSOR_DEFINITIONS = (
					"DEBUG=1",
					"$(inherited)",
				);
				GCC_WARN_64_TO_32_BIT_CONVERSION = YES;
				GCC_WARN_ABOUT_RETURN_TYPE = YES_ERROR;
				GCC_WARN_UNDECLARED_SELECTOR = YES;
				GCC_WARN_UNINITIALIZED_AUTOS = YES_AGGRESSIVE;
				GCC_WARN_UNUSED_FUNCTION = YES;
				GCC_WARN_UNUSED_VARIABLE = YES;
				IPHONEOS_DEPLOYMENT_TARGET = 9.3;
				MTL_ENABLE_DEBUG_INFO = YES;
				ONLY_ACTIVE_ARCH = YES;
				SDKROOT = iphoneos;
				SWIFT_OPTIMIZATION_LEVEL = "-Onone";
			};
			name = Debug;
		};
		BFE7FAB81D1F77DE008257D9 /* Release */ = {
			isa = XCBuildConfiguration;
			buildSettings = {
				ALWAYS_SEARCH_USER_PATHS = NO;
				CLANG_ANALYZER_NONNULL = YES;
				CLANG_CXX_LANGUAGE_STANDARD = "gnu++0x";
				CLANG_CXX_LIBRARY = "libc++";
				CLANG_ENABLE_MODULES = YES;
				CLANG_ENABLE_OBJC_ARC = YES;
				CLANG_WARN_BOOL_CONVERSION = YES;
				CLANG_WARN_CONSTANT_CONVERSION = YES;
				CLANG_WARN_DIRECT_OBJC_ISA_USAGE = YES_ERROR;
				CLANG_WARN_EMPTY_BODY = YES;
				CLANG_WARN_ENUM_CONVERSION = YES;
				CLANG_WARN_INT_CONVERSION = YES;
				CLANG_WARN_OBJC_ROOT_CLASS = YES_ERROR;
				CLANG_WARN_UNREACHABLE_CODE = YES;
				CLANG_WARN__DUPLICATE_METHOD_MATCH = YES;
				"CODE_SIGN_IDENTITY[sdk=iphoneos*]" = "iPhone Developer";
				COPY_PHASE_STRIP = NO;
				DEBUG_INFORMATION_FORMAT = "dwarf-with-dsym";
				ENABLE_NS_ASSERTIONS = NO;
				ENABLE_STRICT_OBJC_MSGSEND = YES;
				GCC_C_LANGUAGE_STANDARD = gnu99;
				GCC_NO_COMMON_BLOCKS = YES;
				GCC_WARN_64_TO_32_BIT_CONVERSION = YES;
				GCC_WARN_ABOUT_RETURN_TYPE = YES_ERROR;
				GCC_WARN_UNDECLARED_SELECTOR = YES;
				GCC_WARN_UNINITIALIZED_AUTOS = YES_AGGRESSIVE;
				GCC_WARN_UNUSED_FUNCTION = YES;
				GCC_WARN_UNUSED_VARIABLE = YES;
				IPHONEOS_DEPLOYMENT_TARGET = 9.3;
				MTL_ENABLE_DEBUG_INFO = NO;
				SDKROOT = iphoneos;
				VALIDATE_PRODUCT = YES;
			};
			name = Release;
		};
		BFE7FABA1D1F77DE008257D9 /* Debug */ = {
			isa = XCBuildConfiguration;
			buildSettings = {
				ASSETCATALOG_COMPILER_APPICON_NAME = AppIcon;
				INFOPLIST_FILE = WorldTrotter/Info.plist;
				LD_RUNPATH_SEARCH_PATHS = "$(inherited) @executable_path/Frameworks";
				PRODUCT_BUNDLE_IDENTIFIER = com.charleshkang.WorldTrotter;
				PRODUCT_NAME = "$(TARGET_NAME)";
			};
			name = Debug;
		};
		BFE7FABB1D1F77DE008257D9 /* Release */ = {
			isa = XCBuildConfiguration;
			buildSettings = {
				ASSETCATALOG_COMPILER_APPICON_NAME = AppIcon;
				INFOPLIST_FILE = WorldTrotter/Info.plist;
				LD_RUNPATH_SEARCH_PATHS = "$(inherited) @executable_path/Frameworks";
				PRODUCT_BUNDLE_IDENTIFIER = com.charleshkang.WorldTrotter;
				PRODUCT_NAME = "$(TARGET_NAME)";
			};
			name = Release;
		};
/* End XCBuildConfiguration section */

/* Begin XCConfigurationList section */
		BFE7FAA21D1F77DE008257D9 /* Build configuration list for PBXProject "WorldTrotter" */ = {
			isa = XCConfigurationList;
			buildConfigurations = (
				BFE7FAB71D1F77DE008257D9 /* Debug */,
				BFE7FAB81D1F77DE008257D9 /* Release */,
			);
			defaultConfigurationIsVisible = 0;
			defaultConfigurationName = Release;
		};
		BFE7FAB91D1F77DE008257D9 /* Build configuration list for PBXNativeTarget "WorldTrotter" */ = {
			isa = XCConfigurationList;
			buildConfigurations = (
				BFE7FABA1D1F77DE008257D9 /* Debug */,
				BFE7FABB1D1F77DE008257D9 /* Release */,
			);
			defaultConfigurationIsVisible = 0;
			defaultConfigurationName = Release;
		};
/* End XCConfigurationList section */
	};
	rootObject = BFE7FA9F1D1F77DE008257D9 /* Project object */;
}
