// !$*UTF8*$!
{
	archiveVersion = 1;
	classes = {
	};
	objectVersion = 46;
	objects = {

/* Begin PBXBuildFile section */
		BF3F55B91D14BB57005B004F /* main.swift in Sources */ = {isa = PBXBuildFile; fileRef = BF3F55B81D14BB57005B004F /* main.swift */; };
		BF3F55C01D14BBEB005B004F /* Town.swift in Sources */ = {isa = PBXBuildFile; fileRef = BF3F55BF1D14BBEB005B004F /* Town.swift */; };
		BF3F55C21D14BD9C005B004F /* Monster.swift in Sources */ = {isa = PBXBuildFile; fileRef = BF3F55C11D14BD9C005B004F /* Monster.swift */; };
		BF3F55C41D14C059005B004F /* Zombie.swift in Sources */ = {isa = PBXBuildFile; fileRef = BF3F55C31D14C059005B004F /* Zombie.swift */; };
		BF3F55C81D14C406005B004F /* Vampire.swift in Sources */ = {isa = PBXBuildFile; fileRef = BF3F55C71D14C406005B004F /* Vampire.swift */; };
/* End PBXBuildFile section */

/* Begin PBXCopyFilesBuildPhase section */
		BF3F55B31D14BB57005B004F /* CopyFiles */ = {
			isa = PBXCopyFilesBuildPhase;
			buildActionMask = 2147483647;
			dstPath = /usr/share/man/man1/;
			dstSubfolderSpec = 0;
			files = (
			);
			runOnlyForDeploymentPostprocessing = 1;
		};
/* End PBXCopyFilesBuildPhase section */

/* Begin PBXFileReference section */
		BF3F55B51D14BB57005B004F /* MonsterTown */ = {isa = PBXFileReference; explicitFileType = "compiled.mach-o.executable"; includeInIndex = 0; path = MonsterTown; sourceTree = BUILT_PRODUCTS_DIR; };
		BF3F55B81D14BB57005B004F /* main.swift */ = {isa = PBXFileReference; lastKnownFileType = sourcecode.swift; path = main.swift; sourceTree = "<group>"; };
		BF3F55BF1D14BBEB005B004F /* Town.swift */ = {isa = PBXFileReference; fileEncoding = 4; lastKnownFileType = sourcecode.swift; path = Town.swift; sourceTree = "<group>"; };
		BF3F55C11D14BD9C005B004F /* Monster.swift */ = {isa = PBXFileReference; fileEncoding = 4; lastKnownFileType = sourcecode.swift; path = Monster.swift; sourceTree = "<group>"; };
		BF3F55C31D14C059005B004F /* Zombie.swift */ = {isa = PBXFileReference; fileEncoding = 4; lastKnownFileType = sourcecode.swift; path = Zombie.swift; sourceTree = "<group>"; };
		BF3F55C71D14C406005B004F /* Vampire.swift */ = {isa = PBXFileReference; fileEncoding = 4; lastKnownFileType = sourcecode.swift; path = Vampire.swift; sourceTree = "<group>"; };
/* End PBXFileReference section */

/* Begin PBXFrameworksBuildPhase section */
		BF3F55B21D14BB57005B004F /* Frameworks */ = {
			isa = PBXFrameworksBuildPhase;
			buildActionMask = 2147483647;
			files = (
			);
			runOnlyForDeploymentPostprocessing = 0;
		};
/* End PBXFrameworksBuildPhase section */

/* Begin PBXGroup section */
		BF3F55AC1D14BB57005B004F = {
			isa = PBXGroup;
			children = (
				BF3F55B71D14BB57005B004F /* MonsterTown */,
				BF3F55B61D14BB57005B004F /* Products */,
			);
			sourceTree = "<group>";
		};
		BF3F55B61D14BB57005B004F /* Products */ = {
			isa = PBXGroup;
			children = (
				BF3F55B51D14BB57005B004F /* MonsterTown */,
			);
			name = Products;
			sourceTree = "<group>";
		};
		BF3F55B71D14BB57005B004F /* MonsterTown */ = {
			isa = PBXGroup;
			children = (
				BF3F55B81D14BB57005B004F /* main.swift */,
				BF3F55BF1D14BBEB005B004F /* Town.swift */,
				BF3F55C11D14BD9C005B004F /* Monster.swift */,
				BF3F55C31D14C059005B004F /* Zombie.swift */,
				BF3F55C71D14C406005B004F /* Vampire.swift */,
			);
			path = MonsterTown;
			sourceTree = "<group>";
		};
/* End PBXGroup section */

/* Begin PBXNativeTarget section */
		BF3F55B41D14BB57005B004F /* MonsterTown */ = {
			isa = PBXNativeTarget;
			buildConfigurationList = BF3F55BC1D14BB57005B004F /* Build configuration list for PBXNativeTarget "MonsterTown" */;
			buildPhases = (
				BF3F55B11D14BB57005B004F /* Sources */,
				BF3F55B21D14BB57005B004F /* Frameworks */,
				BF3F55B31D14BB57005B004F /* CopyFiles */,
			);
			buildRules = (
			);
			dependencies = (
			);
			name = MonsterTown;
			productName = MonsterTown;
			productReference = BF3F55B51D14BB57005B004F /* MonsterTown */;
			productType = "com.apple.product-type.tool";
		};
/* End PBXNativeTarget section */

/* Begin PBXProject section */
		BF3F55AD1D14BB57005B004F /* Project object */ = {
			isa = PBXProject;
			attributes = {
				LastSwiftUpdateCheck = 0730;
				LastUpgradeCheck = 0730;
				ORGANIZATIONNAME = "Charles Kang";
				TargetAttributes = {
					BF3F55B41D14BB57005B004F = {
						CreatedOnToolsVersion = 7.3.1;
					};
				};
			};
			buildConfigurationList = BF3F55B01D14BB57005B004F /* Build configuration list for PBXProject "MonsterTown" */;
			compatibilityVersion = "Xcode 3.2";
			developmentRegion = English;
			hasScannedForEncodings = 0;
			knownRegions = (
				en,
			);
			mainGroup = BF3F55AC1D14BB57005B004F;
			productRefGroup = BF3F55B61D14BB57005B004F /* Products */;
			projectDirPath = "";
			projectRoot = "";
			targets = (
				BF3F55B41D14BB57005B004F /* MonsterTown */,
			);
		};
/* End PBXProject section */

/* Begin PBXSourcesBuildPhase section */
		BF3F55B11D14BB57005B004F /* Sources */ = {
			isa = PBXSourcesBuildPhase;
			buildActionMask = 2147483647;
			files = (
				BF3F55B91D14BB57005B004F /* main.swift in Sources */,
				BF3F55C41D14C059005B004F /* Zombie.swift in Sources */,
				BF3F55C21D14BD9C005B004F /* Monster.swift in Sources */,
				BF3F55C81D14C406005B004F /* Vampire.swift in Sources */,
				BF3F55C01D14BBEB005B004F /* Town.swift in Sources */,
			);
			runOnlyForDeploymentPostprocessing = 0;
		};
/* End PBXSourcesBuildPhase section */

/* Begin XCBuildConfiguration section */
		BF3F55BA1D14BB57005B004F /* Debug */ = {
			isa = XCBuildConfiguration;
			buildSettings = {
				ALWAYS_SEARCH_USER_PATHS = NO;
				CLANG_ANALYZER_NONNULL = YES;
				CLANG_CXX_LANGUAGE_STANDARD = "gnu++0x";
				CLANG_CXX_LIBRARY = "libc++";
				CLANG_ENABLE_MODULES = YES;
				CLANG_ENABLE_OBJC_ARC = YES;
				CLANG_WARN_BOOL_CONVERSION = YES;
				CLANG_WARN_CONSTANT_CONVERSION = YES;
				CLANG_WARN_DIRECT_OBJC_ISA_USAGE = YES_ERROR;
				CLANG_WARN_EMPTY_BODY = YES;
				CLANG_WARN_ENUM_CONVERSION = YES;
				CLANG_WARN_INT_CONVERSION = YES;
				CLANG_WARN_OBJC_ROOT_CLASS = YES_ERROR;
				CLANG_WARN_UNREACHABLE_CODE = YES;
				CLANG_WARN__DUPLICATE_METHOD_MATCH = YES;
				CODE_SIGN_IDENTITY = "-";
				COPY_PHASE_STRIP = NO;
				DEBUG_INFORMATION_FORMAT = dwarf;
				ENABLE_STRICT_OBJC_MSGSEND = YES;
				ENABLE_TESTABILITY = YES;
				GCC_C_LANGUAGE_STANDARD = gnu99;
				GCC_DYNAMIC_NO_PIC = NO;
				GCC_NO_COMMON_BLOCKS = YES;
				GCC_OPTIMIZATION_LEVEL = 0;
				GCC_PREPROCESSOR_DEFINITIONS = (
					"DEBUG=1",
					"$(inherited)",
				);
				GCC_WARN_64_TO_32_BIT_CONVERSION = YES;
				GCC_WARN_ABOUT_RETURN_TYPE = YES_ERROR;
				GCC_WARN_UNDECLARED_SELECTOR = YES;
				GCC_WARN_UNINITIALIZED_AUTOS = YES_AGGRESSIVE;
				GCC_WARN_UNUSED_FUNCTION = YES;
				GCC_WARN_UNUSED_VARIABLE = YES;
				MACOSX_DEPLOYMENT_TARGET = 10.11;
				MTL_ENABLE_DEBUG_INFO = YES;
				ONLY_ACTIVE_ARCH = YES;
				SDKROOT = macosx;
				SWIFT_OPTIMIZATION_LEVEL = "-Onone";
			};
			name = Debug;
		};
		BF3F55BB1D14BB57005B004F /* Release */ = {
			isa = XCBuildConfiguration;
			buildSettings = {
				ALWAYS_SEARCH_USER_PATHS = NO;
				CLANG_ANALYZER_NONNULL = YES;
				CLANG_CXX_LANGUAGE_STANDARD = "gnu++0x";
				CLANG_CXX_LIBRARY = "libc++";
				CLANG_ENABLE_MODULES = YES;
				CLANG_ENABLE_OBJC_ARC = YES;
				CLANG_WARN_BOOL_CONVERSION = YES;
				CLANG_WARN_CONSTANT_CONVERSION = YES;
				CLANG_WARN_DIRECT_OBJC_ISA_USAGE = YES_ERROR;
				CLANG_WARN_EMPTY_BODY = YES;
				CLANG_WARN_ENUM_CONVERSION = YES;
				CLANG_WARN_INT_CONVERSION = YES;
				CLANG_WARN_OBJC_ROOT_CLASS = YES_ERROR;
				CLANG_WARN_UNREACHABLE_CODE = YES;
				CLANG_WARN__DUPLICATE_METHOD_MATCH = YES;
				CODE_SIGN_IDENTITY = "-";
				COPY_PHASE_STRIP = NO;
				DEBUG_INFORMATION_FORMAT = "dwarf-with-dsym";
				ENABLE_NS_ASSERTIONS = NO;
				ENABLE_STRICT_OBJC_MSGSEND = YES;
				GCC_C_LANGUAGE_STANDARD = gnu99;
				GCC_NO_COMMON_BLOCKS = YES;
				GCC_WARN_64_TO_32_BIT_CONVERSION = YES;
				GCC_WARN_ABOUT_RETURN_TYPE = YES_ERROR;
				GCC_WARN_UNDECLARED_SELECTOR = YES;
				GCC_WARN_UNINITIALIZED_AUTOS = YES_AGGRESSIVE;
				GCC_WARN_UNUSED_FUNCTION = YES;
				GCC_WARN_UNUSED_VARIABLE = YES;
				MACOSX_DEPLOYMENT_TARGET = 10.11;
				MTL_ENABLE_DEBUG_INFO = NO;
				SDKROOT = macosx;
			};
			name = Release;
		};
		BF3F55BD1D14BB57005B004F /* Debug */ = {
			isa = XCBuildConfiguration;
			buildSettings = {
				PRODUCT_NAME = "$(TARGET_NAME)";
			};
			name = Debug;
		};
		BF3F55BE1D14BB57005B004F /* Release */ = {
			isa = XCBuildConfiguration;
			buildSettings = {
				PRODUCT_NAME = "$(TARGET_NAME)";
			};
			name = Release;
		};
/* End XCBuildConfiguration section */

/* Begin XCConfigurationList section */
		BF3F55B01D14BB57005B004F /* Build configuration list for PBXProject "MonsterTown" */ = {
			isa = XCConfigurationList;
			buildConfigurations = (
				BF3F55BA1D14BB57005B004F /* Debug */,
				BF3F55BB1D14BB57005B004F /* Release */,
			);
			defaultConfigurationIsVisible = 0;
			defaultConfigurationName = Release;
		};
		BF3F55BC1D14BB57005B004F /* Build configuration list for PBXNativeTarget "MonsterTown" */ = {
			isa = XCConfigurationList;
			buildConfigurations = (
				BF3F55BD1D14BB57005B004F /* Debug */,
				BF3F55BE1D14BB57005B004F /* Release */,
			);
			defaultConfigurationIsVisible = 0;
		};
/* End XCConfigurationList section */
	};
	rootObject = BF3F55AD1D14BB57005B004F /* Project object */;
}
